{
  "name": "widget-api",
  "version": "0.3.2",
  "lockfileVersion": 3,
  "requires": true,
  "packages": {
    "": {
      "name": "widget-api",
      "version": "0.3.2",
      "dependencies": {
        "express": "4.16.0"
      },
      "engines": {
        "node": ">=16 <17"
      }
    },
    "node_modules/express": {
      "version": "4.16.0",
      "resolved": "https://registry.npmjs.org/express/-/express-4.16.0.tgz",
      "integrity": "sha1-aMPwfWmfTmYZq6mUFLb9Q9wnG6Q="
    }
  }
}
